
Microsoft Visual Studio Solution File, Format Version 12.00
# Visual Studio Version 17
VisualStudioVersion = 17.1.32210.238
MinimumVisualStudioVersion = 10.0.40219.1
Project("{FAE04EC0-301F-11D3-BF4B-00C04F79EFBC}") = "ASPCoreFirstApp", "ASPCoreFirstApp.csproj", "{7E250684-DB41-4930-BB87-97F2FFABEAF3}"
EndProject
Global
	GlobalSection(SolutionConfigurationPlatforms) = preSolution
		Debug|Any CPU = Debug|Any CPU
		Release|Any CPU = Release|Any CPU
	EndGlobalSection
	GlobalSection(ProjectConfigurationPlatforms) = postSolution
		{7E250684-DB41-4930-BB87-97F2FFABEAF3}.Debug|Any CPU.ActiveCfg = Debug|Any CPU
		{7E250684-DB41-4930-BB87-97F2FFABEAF3}.Debug|Any CPU.Build.0 = Debug|Any CPU
		{7E250684-DB41-4930-BB87-97F2FFABEAF3}.Release|Any CPU.ActiveCfg = Release|Any CPU
		{7E250684-DB41-4930-BB87-97F2FFABEAF3}.Release|Any CPU.Build.0 = Release|Any CPU
	EndGlobalSection
	GlobalSection(SolutionProperties) = preSolution
		HideSolutionNode = FALSE
	EndGlobalSection
	GlobalSection(ExtensibilityGlobals) = postSolution
		SolutionGuid = {3E9F02E8-4312-4019-A4B6-602B97E7270C}
	EndGlobalSection
EndGlobal
